
Microsoft Visual Studio Solution File, Format Version 11.00
# Visual Studio 2010
Project("{FAE04EC0-301F-11D3-BF4B-00C04F79EFBC}") = "PresentationModel", "PresentationModel\PresentationModel.csproj", "{D1C1A6DE-311C-4F71-9366-02D4AD9BEE0B}"
EndProject
Global
	GlobalSection(SolutionConfigurationPlatforms) = preSolution
		Debug|Any CPU = Debug|Any CPU
		Release|Any CPU = Release|Any CPU
	EndGlobalSection
	GlobalSection(ProjectConfigurationPlatforms) = postSolution
		{D1C1A6DE-311C-4F71-9366-02D4AD9BEE0B}.Debug|Any CPU.ActiveCfg = Debug|Any CPU
		{D1C1A6DE-311C-4F71-9366-02D4AD9BEE0B}.Debug|Any CPU.Build.0 = Debug|Any CPU
		{D1C1A6DE-311C-4F71-9366-02D4AD9BEE0B}.Release|Any CPU.ActiveCfg = Release|Any CPU
		{D1C1A6DE-311C-4F71-9366-02D4AD9BEE0B}.Release|Any CPU.Build.0 = Release|Any CPU
	EndGlobalSection
	GlobalSection(SolutionProperties) = preSolution
		HideSolutionNode = FALSE
	EndGlobalSection
EndGlobal
