
Microsoft Visual Studio Solution File, Format Version 12.00
# Visual Studio Version 16
VisualStudioVersion = 16.0.32929.386
MinimumVisualStudioVersion = 10.0.40219.1
Project("{FAE04EC0-301F-11D3-BF4B-00C04F79EFBC}") = "DrawingForms", "Drawing\DrawingForms.csproj", "{B63FA37C-3435-4B4F-905E-1C32AAD3C472}"
EndProject
Global
	GlobalSection(SolutionConfigurationPlatforms) = preSolution
		Debug|Any CPU = Debug|Any CPU
		Release|Any CPU = Release|Any CPU
	EndGlobalSection
	GlobalSection(ProjectConfigurationPlatforms) = postSolution
		{B63FA37C-3435-4B4F-905E-1C32AAD3C472}.Debug|Any CPU.ActiveCfg = Debug|Any CPU
		{B63FA37C-3435-4B4F-905E-1C32AAD3C472}.Debug|Any CPU.Build.0 = Debug|Any CPU
		{B63FA37C-3435-4B4F-905E-1C32AAD3C472}.Release|Any CPU.ActiveCfg = Release|Any CPU
		{B63FA37C-3435-4B4F-905E-1C32AAD3C472}.Release|Any CPU.Build.0 = Release|Any CPU
	EndGlobalSection
	GlobalSection(SolutionProperties) = preSolution
		HideSolutionNode = FALSE
	EndGlobalSection
	GlobalSection(ExtensibilityGlobals) = postSolution
		SolutionGuid = {DFAA8679-7256-4193-BB25-80D38C91475B}
	EndGlobalSection
EndGlobal
