
Microsoft Visual Studio Solution File, Format Version 12.00
# Visual Studio Version 16
VisualStudioVersion = 16.0.32901.82
MinimumVisualStudioVersion = 10.0.40219.1
Project("{FAE04EC0-301F-11D3-BF4B-00C04F79EFBC}") = "LibraryManagementSystem", "LibraryManagementSystem\LibraryManagementSystem.csproj", "{C531A187-2970-4A47-A73B-108FE3408F12}"
EndProject
Project("{FAE04EC0-301F-11D3-BF4B-00C04F79EFBC}") = "DataGridViewNumericUpDownElements", "DataGridViewNumericUpDownElements\DataGridViewNumericUpDownElements.csproj", "{82B50731-BE90-433F-BB6E-9B509C5F3B7C}"
EndProject
Project("{FAE04EC0-301F-11D3-BF4B-00C04F79EFBC}") = "LibraryManagementSystemTests", "LibraryManagementSystemTests\LibraryManagementSystemTests.csproj", "{52C64041-780B-43E5-A158-6DDD9FFBC89E}"
EndProject
Global
	GlobalSection(SolutionConfigurationPlatforms) = preSolution
		Debug|Any CPU = Debug|Any CPU
		Release|Any CPU = Release|Any CPU
	EndGlobalSection
	GlobalSection(ProjectConfigurationPlatforms) = postSolution
		{C531A187-2970-4A47-A73B-108FE3408F12}.Debug|Any CPU.ActiveCfg = Debug|Any CPU
		{C531A187-2970-4A47-A73B-108FE3408F12}.Debug|Any CPU.Build.0 = Debug|Any CPU
		{C531A187-2970-4A47-A73B-108FE3408F12}.Release|Any CPU.ActiveCfg = Release|Any CPU
		{C531A187-2970-4A47-A73B-108FE3408F12}.Release|Any CPU.Build.0 = Release|Any CPU
		{82B50731-BE90-433F-BB6E-9B509C5F3B7C}.Debug|Any CPU.ActiveCfg = Debug|Any CPU
		{82B50731-BE90-433F-BB6E-9B509C5F3B7C}.Debug|Any CPU.Build.0 = Debug|Any CPU
		{82B50731-BE90-433F-BB6E-9B509C5F3B7C}.Release|Any CPU.ActiveCfg = Release|Any CPU
		{82B50731-BE90-433F-BB6E-9B509C5F3B7C}.Release|Any CPU.Build.0 = Release|Any CPU
		{52C64041-780B-43E5-A158-6DDD9FFBC89E}.Debug|Any CPU.ActiveCfg = Debug|Any CPU
		{52C64041-780B-43E5-A158-6DDD9FFBC89E}.Debug|Any CPU.Build.0 = Debug|Any CPU
		{52C64041-780B-43E5-A158-6DDD9FFBC89E}.Release|Any CPU.ActiveCfg = Release|Any CPU
		{52C64041-780B-43E5-A158-6DDD9FFBC89E}.Release|Any CPU.Build.0 = Release|Any CPU
	EndGlobalSection
	GlobalSection(SolutionProperties) = preSolution
		HideSolutionNode = FALSE
	EndGlobalSection
	GlobalSection(ExtensibilityGlobals) = postSolution
		SolutionGuid = {4D84B59F-8736-4FB1-9B03-69385523BE04}
	EndGlobalSection
EndGlobal
