
Microsoft Visual Studio Solution File, Format Version 12.00
# Visual Studio Version 16
VisualStudioVersion = 16.0.32929.386
MinimumVisualStudioVersion = 10.0.40219.1
Project("{FAE04EC0-301F-11D3-BF4B-00C04F79EFBC}") = "DrawingModel", "DrawingModel\DrawingModel.csproj", "{C6618AB1-84D0-4ADA-919B-DCBC0243E63D}"
EndProject
Global
	GlobalSection(SolutionConfigurationPlatforms) = preSolution
		Debug|Any CPU = Debug|Any CPU
		Release|Any CPU = Release|Any CPU
	EndGlobalSection
	GlobalSection(ProjectConfigurationPlatforms) = postSolution
		{C6618AB1-84D0-4ADA-919B-DCBC0243E63D}.Debug|Any CPU.ActiveCfg = Debug|Any CPU
		{C6618AB1-84D0-4ADA-919B-DCBC0243E63D}.Debug|Any CPU.Build.0 = Debug|Any CPU
		{C6618AB1-84D0-4ADA-919B-DCBC0243E63D}.Release|Any CPU.ActiveCfg = Release|Any CPU
		{C6618AB1-84D0-4ADA-919B-DCBC0243E63D}.Release|Any CPU.Build.0 = Release|Any CPU
	EndGlobalSection
	GlobalSection(SolutionProperties) = preSolution
		HideSolutionNode = FALSE
	EndGlobalSection
	GlobalSection(ExtensibilityGlobals) = postSolution
		SolutionGuid = {F56D3F26-318C-4EB5-B135-5D575F7FB1CB}
	EndGlobalSection
EndGlobal
